
Microsoft Visual Studio Solution File, Format Version 12.00
Project("{FAE04EC0-301F-11D3-BF4B-00C04F79EFBC}") = "Host", "Host\Host.csproj", "{CD544C73-D633-4931-B7D3-BF0B0C443A9E}"
EndProject
Project("{2150E333-8FDC-42A3-9474-1A3956D46DE8}") = "Solution Files", "Solution Files", "{B091CC20-434F-4DAA-9830-578BD2998F4B}"
	ProjectSection(SolutionItems) = preProject
		.editorconfig = .editorconfig
		..\.gitignore = ..\.gitignore
	EndProjectSection
EndProject
Project("{2150E333-8FDC-42A3-9474-1A3956D46DE8}") = "Modules", "Modules", "{5F7F100C-01CE-4FD7-B767-77DC815E8D74}"
EndProject
Project("{2150E333-8FDC-42A3-9474-1A3956D46DE8}") = "Abstractions", "Abstractions", "{8AB032CA-5915-4284-A7CB-13F0E5633BAC}"
EndProject
Project("{FAE04EC0-301F-11D3-BF4B-00C04F79EFBC}") = "Abstractions", "Abstractions\Abstractions.csproj", "{BAF87D2C-43A1-4032-8A86-3F0C3D20AD86}"
EndProject
Project("{FAE04EC0-301F-11D3-BF4B-00C04F79EFBC}") = "Chat.RealTime", "Modules\Chat.RealTime\Chat.RealTime.csproj", "{FE9E0284-9E35-4DA5-B777-25CBEC8EE39E}"
EndProject
Project("{2150E333-8FDC-42A3-9474-1A3956D46DE8}") = "Core", "Core", "{6DBBE9F3-1A78-4F44-887E-DB0F235EC3C4}"
EndProject
Project("{FAE04EC0-301F-11D3-BF4B-00C04F79EFBC}") = "Application", "Core\Application\Application.csproj", "{33CDDCDF-ED83-4469-B5AC-7308F7C1232D}"
EndProject
Project("{FAE04EC0-301F-11D3-BF4B-00C04F79EFBC}") = "Infrastructure", "Infrastructure\Infrastructure.csproj", "{1D056278-BC0E-476D-91BB-0E0D4033260D}"
EndProject
Project("{FAE04EC0-301F-11D3-BF4B-00C04F79EFBC}") = "Domain", "Core\Domain\Domain.csproj", "{9BDB9003-0CD6-4CE3-A7DD-387F6B5EF343}"
EndProject
Project("{FAE04EC0-301F-11D3-BF4B-00C04F79EFBC}") = "Persistence", "Persistence\Persistence.csproj", "{62D6071B-89AE-4873-B315-056F06FA6BB6}"
EndProject
Global
	GlobalSection(SolutionConfigurationPlatforms) = preSolution
		Debug|Any CPU = Debug|Any CPU
		Release|Any CPU = Release|Any CPU
	EndGlobalSection
	GlobalSection(ProjectConfigurationPlatforms) = postSolution
		{CD544C73-D633-4931-B7D3-BF0B0C443A9E}.Debug|Any CPU.ActiveCfg = Debug|Any CPU
		{CD544C73-D633-4931-B7D3-BF0B0C443A9E}.Debug|Any CPU.Build.0 = Debug|Any CPU
		{CD544C73-D633-4931-B7D3-BF0B0C443A9E}.Release|Any CPU.ActiveCfg = Release|Any CPU
		{CD544C73-D633-4931-B7D3-BF0B0C443A9E}.Release|Any CPU.Build.0 = Release|Any CPU
		{BAF87D2C-43A1-4032-8A86-3F0C3D20AD86}.Debug|Any CPU.ActiveCfg = Debug|Any CPU
		{BAF87D2C-43A1-4032-8A86-3F0C3D20AD86}.Debug|Any CPU.Build.0 = Debug|Any CPU
		{BAF87D2C-43A1-4032-8A86-3F0C3D20AD86}.Release|Any CPU.ActiveCfg = Release|Any CPU
		{BAF87D2C-43A1-4032-8A86-3F0C3D20AD86}.Release|Any CPU.Build.0 = Release|Any CPU
		{FE9E0284-9E35-4DA5-B777-25CBEC8EE39E}.Debug|Any CPU.ActiveCfg = Debug|Any CPU
		{FE9E0284-9E35-4DA5-B777-25CBEC8EE39E}.Debug|Any CPU.Build.0 = Debug|Any CPU
		{FE9E0284-9E35-4DA5-B777-25CBEC8EE39E}.Release|Any CPU.ActiveCfg = Release|Any CPU
		{FE9E0284-9E35-4DA5-B777-25CBEC8EE39E}.Release|Any CPU.Build.0 = Release|Any CPU
		{33CDDCDF-ED83-4469-B5AC-7308F7C1232D}.Debug|Any CPU.ActiveCfg = Debug|Any CPU
		{33CDDCDF-ED83-4469-B5AC-7308F7C1232D}.Debug|Any CPU.Build.0 = Debug|Any CPU
		{33CDDCDF-ED83-4469-B5AC-7308F7C1232D}.Release|Any CPU.ActiveCfg = Release|Any CPU
		{33CDDCDF-ED83-4469-B5AC-7308F7C1232D}.Release|Any CPU.Build.0 = Release|Any CPU
		{1D056278-BC0E-476D-91BB-0E0D4033260D}.Debug|Any CPU.ActiveCfg = Debug|Any CPU
		{1D056278-BC0E-476D-91BB-0E0D4033260D}.Debug|Any CPU.Build.0 = Debug|Any CPU
		{1D056278-BC0E-476D-91BB-0E0D4033260D}.Release|Any CPU.ActiveCfg = Release|Any CPU
		{1D056278-BC0E-476D-91BB-0E0D4033260D}.Release|Any CPU.Build.0 = Release|Any CPU
		{9BDB9003-0CD6-4CE3-A7DD-387F6B5EF343}.Debug|Any CPU.ActiveCfg = Debug|Any CPU
		{9BDB9003-0CD6-4CE3-A7DD-387F6B5EF343}.Debug|Any CPU.Build.0 = Debug|Any CPU
		{9BDB9003-0CD6-4CE3-A7DD-387F6B5EF343}.Release|Any CPU.ActiveCfg = Release|Any CPU
		{9BDB9003-0CD6-4CE3-A7DD-387F6B5EF343}.Release|Any CPU.Build.0 = Release|Any CPU
		{62D6071B-89AE-4873-B315-056F06FA6BB6}.Debug|Any CPU.ActiveCfg = Debug|Any CPU
		{62D6071B-89AE-4873-B315-056F06FA6BB6}.Debug|Any CPU.Build.0 = Debug|Any CPU
		{62D6071B-89AE-4873-B315-056F06FA6BB6}.Release|Any CPU.ActiveCfg = Release|Any CPU
		{62D6071B-89AE-4873-B315-056F06FA6BB6}.Release|Any CPU.Build.0 = Release|Any CPU
	EndGlobalSection
	GlobalSection(NestedProjects) = preSolution
		{BAF87D2C-43A1-4032-8A86-3F0C3D20AD86} = {8AB032CA-5915-4284-A7CB-13F0E5633BAC}
		{FE9E0284-9E35-4DA5-B777-25CBEC8EE39E} = {5F7F100C-01CE-4FD7-B767-77DC815E8D74}
		{33CDDCDF-ED83-4469-B5AC-7308F7C1232D} = {6DBBE9F3-1A78-4F44-887E-DB0F235EC3C4}
		{9BDB9003-0CD6-4CE3-A7DD-387F6B5EF343} = {6DBBE9F3-1A78-4F44-887E-DB0F235EC3C4}
	EndGlobalSection
EndGlobal
